// !$*UTF8*$!
{
	archiveVersion = 1;
	classes = {
	};
	objectVersion = 48;
	objects = {

/* Begin PBXBuildFile section */
		765CA62320AEEF11003D293B /* UITableView+Extensions.swift in Sources */ = {isa = PBXBuildFile; fileRef = 765CA62220AEEF11003D293B /* UITableView+Extensions.swift */; };
		765CA62520AEEF44003D293B /* FoundationKitFunctions.swift in Sources */ = {isa = PBXBuildFile; fileRef = 765CA62420AEEF44003D293B /* FoundationKitFunctions.swift */; };
		765CA62C20AEF227003D293B /* UITableView+Dequeue.swift in Sources */ = {isa = PBXBuildFile; fileRef = 765CA62B20AEF227003D293B /* UITableView+Dequeue.swift */; };
		765CA63020AF0236003D293B /* HourlyForecastTableViewCell.swift in Sources */ = {isa = PBXBuildFile; fileRef = 765CA62E20AF0236003D293B /* HourlyForecastTableViewCell.swift */; };
		765CA63120AF0236003D293B /* HourlyForecastTableViewCell.xib in Resources */ = {isa = PBXBuildFile; fileRef = 765CA62F20AF0236003D293B /* HourlyForecastTableViewCell.xib */; };
		765CA63520AF168C003D293B /* FavoritePlacesCollectionViewCell.swift in Sources */ = {isa = PBXBuildFile; fileRef = 765CA63320AF168C003D293B /* FavoritePlacesCollectionViewCell.swift */; };
		765CA63620AF168C003D293B /* FavoritePlacesCollectionViewCell.xib in Resources */ = {isa = PBXBuildFile; fileRef = 765CA63420AF168C003D293B /* FavoritePlacesCollectionViewCell.xib */; };
		765CA63820AF1B55003D293B /* UICollectionView+Extensions.swift in Sources */ = {isa = PBXBuildFile; fileRef = 765CA63720AF1B55003D293B /* UICollectionView+Extensions.swift */; };
		765DFD3320B80E29009A1625 /* LocationManager.swift in Sources */ = {isa = PBXBuildFile; fileRef = 765DFD3220B80E29009A1625 /* LocationManager.swift */; };
		768ADE6920B4412B00F63095 /* CurrentWeatherModel.swift in Sources */ = {isa = PBXBuildFile; fileRef = 768ADE6820B4412B00F63095 /* CurrentWeatherModel.swift */; };
		768ADE6D20B56DF200F63095 /* HourlyForecastModel.swift in Sources */ = {isa = PBXBuildFile; fileRef = 768ADE6C20B56DF200F63095 /* HourlyForecastModel.swift */; };
		768ADE7320B6BF4100F63095 /* AlamofireRequest.swift in Sources */ = {isa = PBXBuildFile; fileRef = 768ADE7220B6BF4100F63095 /* AlamofireRequest.swift */; };
		768ADE7520B6C40E00F63095 /* WeatherProvider.swift in Sources */ = {isa = PBXBuildFile; fileRef = 768ADE7420B6C40E00F63095 /* WeatherProvider.swift */; };
		76B732B920A98D16004A7D73 /* AppDelegate.swift in Sources */ = {isa = PBXBuildFile; fileRef = 76B732B820A98D16004A7D73 /* AppDelegate.swift */; };
		76B732C120A98D16004A7D73 /* WeatherApp.xcdatamodeld in Sources */ = {isa = PBXBuildFile; fileRef = 76B732BF20A98D16004A7D73 /* WeatherApp.xcdatamodeld */; };
		76B732C320A98D16004A7D73 /* Assets.xcassets in Resources */ = {isa = PBXBuildFile; fileRef = 76B732C220A98D16004A7D73 /* Assets.xcassets */; };
		76B732C620A98D16004A7D73 /* LaunchScreen.storyboard in Resources */ = {isa = PBXBuildFile; fileRef = 76B732C420A98D16004A7D73 /* LaunchScreen.storyboard */; };
		76B732D220A98DD2004A7D73 /* MainTabBarViewController.swift in Sources */ = {isa = PBXBuildFile; fileRef = 76B732D020A98DD2004A7D73 /* MainTabBarViewController.swift */; };
		76B732D320A98DD2004A7D73 /* MainTabBarViewController.xib in Resources */ = {isa = PBXBuildFile; fileRef = 76B732D120A98DD2004A7D73 /* MainTabBarViewController.xib */; };
		76B732D520A98DE5004A7D73 /* MainTabBarView.swift in Sources */ = {isa = PBXBuildFile; fileRef = 76B732D420A98DE5004A7D73 /* MainTabBarView.swift */; };
		76B732E120A99123004A7D73 /* HourlyForecastViewController.swift in Sources */ = {isa = PBXBuildFile; fileRef = 76B732DF20A99123004A7D73 /* HourlyForecastViewController.swift */; };
		76B732E220A99123004A7D73 /* HourlyForecastViewController.xib in Resources */ = {isa = PBXBuildFile; fileRef = 76B732E020A99123004A7D73 /* HourlyForecastViewController.xib */; };
		76B732E420A99139004A7D73 /* HourlyForecastView.swift in Sources */ = {isa = PBXBuildFile; fileRef = 76B732E320A99139004A7D73 /* HourlyForecastView.swift */; };
		76B732E920A9991B004A7D73 /* CommonConstants.swift in Sources */ = {isa = PBXBuildFile; fileRef = 76B732E820A9991B004A7D73 /* CommonConstants.swift */; };
		76B732EC20A9AD56004A7D73 /* CurrentForecastView.swift in Sources */ = {isa = PBXBuildFile; fileRef = 76B732EB20A9AD56004A7D73 /* CurrentForecastView.swift */; };
		76B732EF20A9AD67004A7D73 /* CurrentForecastViewController.swift in Sources */ = {isa = PBXBuildFile; fileRef = 76B732ED20A9AD67004A7D73 /* CurrentForecastViewController.swift */; };
		76B732F020A9AD67004A7D73 /* CurrentForecastViewController.xib in Resources */ = {isa = PBXBuildFile; fileRef = 76B732EE20A9AD67004A7D73 /* CurrentForecastViewController.xib */; };
		76B732F520AAB238004A7D73 /* FavoritePlacesViewController.swift in Sources */ = {isa = PBXBuildFile; fileRef = 76B732F320AAB238004A7D73 /* FavoritePlacesViewController.swift */; };
		76B732F620AAB238004A7D73 /* FavoritePlacesViewController.xib in Resources */ = {isa = PBXBuildFile; fileRef = 76B732F420AAB238004A7D73 /* FavoritePlacesViewController.xib */; };
		76B732F820AAB252004A7D73 /* FavoritePlacesView.swift in Sources */ = {isa = PBXBuildFile; fileRef = 76B732F720AAB252004A7D73 /* FavoritePlacesView.swift */; };
		76D5512C20B2C3FA0096C2AC /* UICollectionView+Dequeue.swift in Sources */ = {isa = PBXBuildFile; fileRef = 76D5512B20B2C3FA0096C2AC /* UICollectionView+Dequeue.swift */; };
		76D5513020B307090096C2AC /* ObservableObject.swift in Sources */ = {isa = PBXBuildFile; fileRef = 76D5512F20B307090096C2AC /* ObservableObject.swift */; };
		C23EBFDE7377F9948B7A6966 /* Pods_WeatherApp.framework in Frameworks */ = {isa = PBXBuildFile; fileRef = 150873BBEF8B5915FAAE618B /* Pods_WeatherApp.framework */; };
/* End PBXBuildFile section */

/* Begin PBXFileReference section */
		150873BBEF8B5915FAAE618B /* Pods_WeatherApp.framework */ = {isa = PBXFileReference; explicitFileType = wrapper.framework; includeInIndex = 0; path = Pods_WeatherApp.framework; sourceTree = BUILT_PRODUCTS_DIR; };
		765CA62220AEEF11003D293B /* UITableView+Extensions.swift */ = {isa = PBXFileReference; lastKnownFileType = sourcecode.swift; path = "UITableView+Extensions.swift"; sourceTree = "<group>"; };
		765CA62420AEEF44003D293B /* FoundationKitFunctions.swift */ = {isa = PBXFileReference; lastKnownFileType = sourcecode.swift; path = FoundationKitFunctions.swift; sourceTree = "<group>"; };
		765CA62B20AEF227003D293B /* UITableView+Dequeue.swift */ = {isa = PBXFileReference; lastKnownFileType = sourcecode.swift; path = "UITableView+Dequeue.swift"; sourceTree = "<group>"; };
		765CA62E20AF0236003D293B /* HourlyForecastTableViewCell.swift */ = {isa = PBXFileReference; lastKnownFileType = sourcecode.swift; path = HourlyForecastTableViewCell.swift; sourceTree = "<group>"; };
		765CA62F20AF0236003D293B /* HourlyForecastTableViewCell.xib */ = {isa = PBXFileReference; lastKnownFileType = file.xib; path = HourlyForecastTableViewCell.xib; sourceTree = "<group>"; };
		765CA63320AF168C003D293B /* FavoritePlacesCollectionViewCell.swift */ = {isa = PBXFileReference; lastKnownFileType = sourcecode.swift; path = FavoritePlacesCollectionViewCell.swift; sourceTree = "<group>"; };
		765CA63420AF168C003D293B /* FavoritePlacesCollectionViewCell.xib */ = {isa = PBXFileReference; lastKnownFileType = file.xib; path = FavoritePlacesCollectionViewCell.xib; sourceTree = "<group>"; };
		765CA63720AF1B55003D293B /* UICollectionView+Extensions.swift */ = {isa = PBXFileReference; lastKnownFileType = sourcecode.swift; path = "UICollectionView+Extensions.swift"; sourceTree = "<group>"; };
		765DFD3220B80E29009A1625 /* LocationManager.swift */ = {isa = PBXFileReference; lastKnownFileType = sourcecode.swift; path = LocationManager.swift; sourceTree = "<group>"; };
		768ADE6820B4412B00F63095 /* CurrentWeatherModel.swift */ = {isa = PBXFileReference; lastKnownFileType = sourcecode.swift; path = CurrentWeatherModel.swift; sourceTree = "<group>"; };
		768ADE6C20B56DF200F63095 /* HourlyForecastModel.swift */ = {isa = PBXFileReference; lastKnownFileType = sourcecode.swift; path = HourlyForecastModel.swift; sourceTree = "<group>"; };
		768ADE7220B6BF4100F63095 /* AlamofireRequest.swift */ = {isa = PBXFileReference; lastKnownFileType = sourcecode.swift; path = AlamofireRequest.swift; sourceTree = "<group>"; };
		768ADE7420B6C40E00F63095 /* WeatherProvider.swift */ = {isa = PBXFileReference; lastKnownFileType = sourcecode.swift; path = WeatherProvider.swift; sourceTree = "<group>"; };
		76B732B520A98D16004A7D73 /* WeatherApp.app */ = {isa = PBXFileReference; explicitFileType = wrapper.application; includeInIndex = 0; path = WeatherApp.app; sourceTree = BUILT_PRODUCTS_DIR; };
		76B732B820A98D16004A7D73 /* AppDelegate.swift */ = {isa = PBXFileReference; lastKnownFileType = sourcecode.swift; path = AppDelegate.swift; sourceTree = "<group>"; };
		76B732C020A98D16004A7D73 /* WeatherApp.xcdatamodel */ = {isa = PBXFileReference; lastKnownFileType = wrapper.xcdatamodel; path = WeatherApp.xcdatamodel; sourceTree = "<group>"; };
		76B732C220A98D16004A7D73 /* Assets.xcassets */ = {isa = PBXFileReference; lastKnownFileType = folder.assetcatalog; path = Assets.xcassets; sourceTree = "<group>"; };
		76B732C520A98D16004A7D73 /* Base */ = {isa = PBXFileReference; lastKnownFileType = file.storyboard; name = Base; path = Base.lproj/LaunchScreen.storyboard; sourceTree = "<group>"; };
		76B732C720A98D16004A7D73 /* Info.plist */ = {isa = PBXFileReference; lastKnownFileType = text.plist.xml; path = Info.plist; sourceTree = "<group>"; };
		76B732D020A98DD2004A7D73 /* MainTabBarViewController.swift */ = {isa = PBXFileReference; lastKnownFileType = sourcecode.swift; path = MainTabBarViewController.swift; sourceTree = "<group>"; };
		76B732D120A98DD2004A7D73 /* MainTabBarViewController.xib */ = {isa = PBXFileReference; lastKnownFileType = file.xib; path = MainTabBarViewController.xib; sourceTree = "<group>"; };
		76B732D420A98DE5004A7D73 /* MainTabBarView.swift */ = {isa = PBXFileReference; lastKnownFileType = sourcecode.swift; path = MainTabBarView.swift; sourceTree = "<group>"; };
		76B732DF20A99123004A7D73 /* HourlyForecastViewController.swift */ = {isa = PBXFileReference; lastKnownFileType = sourcecode.swift; path = HourlyForecastViewController.swift; sourceTree = "<group>"; };
		76B732E020A99123004A7D73 /* HourlyForecastViewController.xib */ = {isa = PBXFileReference; lastKnownFileType = file.xib; path = HourlyForecastViewController.xib; sourceTree = "<group>"; };
		76B732E320A99139004A7D73 /* HourlyForecastView.swift */ = {isa = PBXFileReference; lastKnownFileType = sourcecode.swift; path = HourlyForecastView.swift; sourceTree = "<group>"; };
		76B732E820A9991B004A7D73 /* CommonConstants.swift */ = {isa = PBXFileReference; lastKnownFileType = sourcecode.swift; path = CommonConstants.swift; sourceTree = "<group>"; };
		76B732EB20A9AD56004A7D73 /* CurrentForecastView.swift */ = {isa = PBXFileReference; lastKnownFileType = sourcecode.swift; path = CurrentForecastView.swift; sourceTree = "<group>"; };
		76B732ED20A9AD67004A7D73 /* CurrentForecastViewController.swift */ = {isa = PBXFileReference; lastKnownFileType = sourcecode.swift; path = CurrentForecastViewController.swift; sourceTree = "<group>"; };
		76B732EE20A9AD67004A7D73 /* CurrentForecastViewController.xib */ = {isa = PBXFileReference; lastKnownFileType = file.xib; path = CurrentForecastViewController.xib; sourceTree = "<group>"; };
		76B732F320AAB238004A7D73 /* FavoritePlacesViewController.swift */ = {isa = PBXFileReference; lastKnownFileType = sourcecode.swift; path = FavoritePlacesViewController.swift; sourceTree = "<group>"; };
		76B732F420AAB238004A7D73 /* FavoritePlacesViewController.xib */ = {isa = PBXFileReference; lastKnownFileType = file.xib; path = FavoritePlacesViewController.xib; sourceTree = "<group>"; };
		76B732F720AAB252004A7D73 /* FavoritePlacesView.swift */ = {isa = PBXFileReference; lastKnownFileType = sourcecode.swift; path = FavoritePlacesView.swift; sourceTree = "<group>"; };
		76D5512B20B2C3FA0096C2AC /* UICollectionView+Dequeue.swift */ = {isa = PBXFileReference; lastKnownFileType = sourcecode.swift; path = "UICollectionView+Dequeue.swift"; sourceTree = "<group>"; };
		76D5512F20B307090096C2AC /* ObservableObject.swift */ = {isa = PBXFileReference; lastKnownFileType = sourcecode.swift; path = ObservableObject.swift; sourceTree = "<group>"; };
		AC0FE8F58678D9417C900810 /* Pods-WeatherApp.release.xcconfig */ = {isa = PBXFileReference; includeInIndex = 1; lastKnownFileType = text.xcconfig; name = "Pods-WeatherApp.release.xcconfig"; path = "Pods/Target Support Files/Pods-WeatherApp/Pods-WeatherApp.release.xcconfig"; sourceTree = "<group>"; };
		B6C5D2AEF05DE66520A4DE56 /* Pods-WeatherApp.debug.xcconfig */ = {isa = PBXFileReference; includeInIndex = 1; lastKnownFileType = text.xcconfig; name = "Pods-WeatherApp.debug.xcconfig"; path = "Pods/Target Support Files/Pods-WeatherApp/Pods-WeatherApp.debug.xcconfig"; sourceTree = "<group>"; };
/* End PBXFileReference section */

/* Begin PBXFrameworksBuildPhase section */
		76B732B220A98D16004A7D73 /* Frameworks */ = {
			isa = PBXFrameworksBuildPhase;
			buildActionMask = 2147483647;
			files = (
				C23EBFDE7377F9948B7A6966 /* Pods_WeatherApp.framework in Frameworks */,
			);
			runOnlyForDeploymentPostprocessing = 0;
		};
/* End PBXFrameworksBuildPhase section */

/* Begin PBXGroup section */
		249D2952AD9D22D93D3FF249 /* Pods */ = {
			isa = PBXGroup;
			children = (
				B6C5D2AEF05DE66520A4DE56 /* Pods-WeatherApp.debug.xcconfig */,
				AC0FE8F58678D9417C900810 /* Pods-WeatherApp.release.xcconfig */,
			);
			name = Pods;
			sourceTree = "<group>";
		};
		58F905D37BD85A6B7DD4F1A2 /* Frameworks */ = {
			isa = PBXGroup;
			children = (
				150873BBEF8B5915FAAE618B /* Pods_WeatherApp.framework */,
			);
			name = Frameworks;
			sourceTree = "<group>";
		};
		765CA62D20AF020A003D293B /* Cell */ = {
			isa = PBXGroup;
			children = (
				765CA62E20AF0236003D293B /* HourlyForecastTableViewCell.swift */,
				765CA62F20AF0236003D293B /* HourlyForecastTableViewCell.xib */,
			);
			path = Cell;
			sourceTree = "<group>";
		};
		765CA63220AF1669003D293B /* Cell */ = {
			isa = PBXGroup;
			children = (
				765CA63320AF168C003D293B /* FavoritePlacesCollectionViewCell.swift */,
				765CA63420AF168C003D293B /* FavoritePlacesCollectionViewCell.xib */,
			);
			path = Cell;
			sourceTree = "<group>";
		};
		765DFD3120B80E0D009A1625 /* Managers */ = {
			isa = PBXGroup;
			children = (
				765DFD3220B80E29009A1625 /* LocationManager.swift */,
			);
			path = Managers;
			sourceTree = "<group>";
		};
		768ADE6220B4088200F63095 /* Providers */ = {
			isa = PBXGroup;
			children = (
				768ADE7220B6BF4100F63095 /* AlamofireRequest.swift */,
				768ADE7420B6C40E00F63095 /* WeatherProvider.swift */,
			);
			path = Providers;
			sourceTree = "<group>";
		};
		768ADE6720B4411100F63095 /* Models */ = {
			isa = PBXGroup;
			children = (
				768ADE6820B4412B00F63095 /* CurrentWeatherModel.swift */,
				768ADE6C20B56DF200F63095 /* HourlyForecastModel.swift */,
			);
			path = Models;
			sourceTree = "<group>";
		};
		76B732AC20A98D16004A7D73 = {
			isa = PBXGroup;
			children = (
				76B732B720A98D16004A7D73 /* WeatherApp */,
				76B732B620A98D16004A7D73 /* Products */,
				249D2952AD9D22D93D3FF249 /* Pods */,
				58F905D37BD85A6B7DD4F1A2 /* Frameworks */,
			);
			sourceTree = "<group>";
		};
		76B732B620A98D16004A7D73 /* Products */ = {
			isa = PBXGroup;
			children = (
				76B732B520A98D16004A7D73 /* WeatherApp.app */,
			);
			name = Products;
			sourceTree = "<group>";
		};
		76B732B720A98D16004A7D73 /* WeatherApp */ = {
			isa = PBXGroup;
			children = (
				76B732CD20A98D78004A7D73 /* Source */,
				76B732B820A98D16004A7D73 /* AppDelegate.swift */,
				76B732C220A98D16004A7D73 /* Assets.xcassets */,
				76B732C420A98D16004A7D73 /* LaunchScreen.storyboard */,
				76B732C720A98D16004A7D73 /* Info.plist */,
				76B732BF20A98D16004A7D73 /* WeatherApp.xcdatamodeld */,
			);
			path = WeatherApp;
			sourceTree = "<group>";
		};
		76B732CD20A98D78004A7D73 /* Source */ = {
			isa = PBXGroup;
			children = (
				765DFD3120B80E0D009A1625 /* Managers */,
				768ADE6720B4411100F63095 /* Models */,
				768ADE6220B4088200F63095 /* Providers */,
				76B732E720A998F9004A7D73 /* Constants */,
				76D5512D20B306E20096C2AC /* Libs */,
				76B732CE20A98D89004A7D73 /* UI */,
			);
			path = Source;
			sourceTree = "<group>";
		};
		76B732CE20A98D89004A7D73 /* UI */ = {
			isa = PBXGroup;
			children = (
				76B732F220AAB15A004A7D73 /* FavoritePlacesViewController */,
				76B732EA20A9AD33004A7D73 /* CurrentForecastViewController */,
				76B732D620A990B9004A7D73 /* HourlyForecastViewController */,
				76B732CF20A98D96004A7D73 /* MainTabBarController */,
			);
			path = UI;
			sourceTree = "<group>";
		};
		76B732CF20A98D96004A7D73 /* MainTabBarController */ = {
			isa = PBXGroup;
			children = (
				76B732D020A98DD2004A7D73 /* MainTabBarViewController.swift */,
				76B732D120A98DD2004A7D73 /* MainTabBarViewController.xib */,
				76B732D420A98DE5004A7D73 /* MainTabBarView.swift */,
			);
			path = MainTabBarController;
			sourceTree = "<group>";
		};
		76B732D620A990B9004A7D73 /* HourlyForecastViewController */ = {
			isa = PBXGroup;
			children = (
				765CA62D20AF020A003D293B /* Cell */,
				76B732DF20A99123004A7D73 /* HourlyForecastViewController.swift */,
				76B732E020A99123004A7D73 /* HourlyForecastViewController.xib */,
				76B732E320A99139004A7D73 /* HourlyForecastView.swift */,
			);
			path = HourlyForecastViewController;
			sourceTree = "<group>";
		};
		76B732E720A998F9004A7D73 /* Constants */ = {
			isa = PBXGroup;
			children = (
				76B732E820A9991B004A7D73 /* CommonConstants.swift */,
			);
			path = Constants;
			sourceTree = "<group>";
		};
		76B732EA20A9AD33004A7D73 /* CurrentForecastViewController */ = {
			isa = PBXGroup;
			children = (
				76B732ED20A9AD67004A7D73 /* CurrentForecastViewController.swift */,
				76B732EE20A9AD67004A7D73 /* CurrentForecastViewController.xib */,
				76B732EB20A9AD56004A7D73 /* CurrentForecastView.swift */,
			);
			path = CurrentForecastViewController;
			sourceTree = "<group>";
		};
		76B732F120A9AFA6004A7D73 /* Extensions */ = {
			isa = PBXGroup;
			children = (
				765CA62220AEEF11003D293B /* UITableView+Extensions.swift */,
				765CA62420AEEF44003D293B /* FoundationKitFunctions.swift */,
				765CA62B20AEF227003D293B /* UITableView+Dequeue.swift */,
				765CA63720AF1B55003D293B /* UICollectionView+Extensions.swift */,
				76D5512B20B2C3FA0096C2AC /* UICollectionView+Dequeue.swift */,
			);
			path = Extensions;
			sourceTree = "<group>";
		};
		76B732F220AAB15A004A7D73 /* FavoritePlacesViewController */ = {
			isa = PBXGroup;
			children = (
				765CA63220AF1669003D293B /* Cell */,
				76B732F320AAB238004A7D73 /* FavoritePlacesViewController.swift */,
				76B732F420AAB238004A7D73 /* FavoritePlacesViewController.xib */,
				76B732F720AAB252004A7D73 /* FavoritePlacesView.swift */,
			);
			path = FavoritePlacesViewController;
			sourceTree = "<group>";
		};
		76D5512D20B306E20096C2AC /* Libs */ = {
			isa = PBXGroup;
			children = (
				76B732F120A9AFA6004A7D73 /* Extensions */,
				76D5512E20B306EE0096C2AC /* ObservableObject */,
			);
			path = Libs;
			sourceTree = "<group>";
		};
		76D5512E20B306EE0096C2AC /* ObservableObject */ = {
			isa = PBXGroup;
			children = (
				76D5512F20B307090096C2AC /* ObservableObject.swift */,
			);
			path = ObservableObject;
			sourceTree = "<group>";
		};
/* End PBXGroup section */

/* Begin PBXNativeTarget section */
		76B732B420A98D16004A7D73 /* WeatherApp */ = {
			isa = PBXNativeTarget;
			buildConfigurationList = 76B732CA20A98D16004A7D73 /* Build configuration list for PBXNativeTarget "WeatherApp" */;
			buildPhases = (
				CED5FF7E0FCB469A9A67882E /* [CP] Check Pods Manifest.lock */,
				76B732B120A98D16004A7D73 /* Sources */,
				76B732B220A98D16004A7D73 /* Frameworks */,
				76B732B320A98D16004A7D73 /* Resources */,
				A2EC651414B9F568ACD0234D /* [CP] Embed Pods Frameworks */,
			);
			buildRules = (
			);
			dependencies = (
			);
			name = WeatherApp;
			productName = WeatherApp;
			productReference = 76B732B520A98D16004A7D73 /* WeatherApp.app */;
			productType = "com.apple.product-type.application";
		};
/* End PBXNativeTarget section */

/* Begin PBXProject section */
		76B732AD20A98D16004A7D73 /* Project object */ = {
			isa = PBXProject;
			attributes = {
				LastSwiftUpdateCheck = 0920;
				LastUpgradeCheck = 0920;
				ORGANIZATIONNAME = "Mykola Savoniuk";
				TargetAttributes = {
					76B732B420A98D16004A7D73 = {
						CreatedOnToolsVersion = 9.2;
						ProvisioningStyle = Automatic;
					};
				};
			};
			buildConfigurationList = 76B732B020A98D16004A7D73 /* Build configuration list for PBXProject "WeatherApp" */;
			compatibilityVersion = "Xcode 8.0";
			developmentRegion = en;
			hasScannedForEncodings = 0;
			knownRegions = (
				en,
				Base,
			);
			mainGroup = 76B732AC20A98D16004A7D73;
			productRefGroup = 76B732B620A98D16004A7D73 /* Products */;
			projectDirPath = "";
			projectRoot = "";
			targets = (
				76B732B420A98D16004A7D73 /* WeatherApp */,
			);
		};
/* End PBXProject section */

/* Begin PBXResourcesBuildPhase section */
		76B732B320A98D16004A7D73 /* Resources */ = {
			isa = PBXResourcesBuildPhase;
			buildActionMask = 2147483647;
			files = (
				76B732E220A99123004A7D73 /* HourlyForecastViewController.xib in Resources */,
				765CA63120AF0236003D293B /* HourlyForecastTableViewCell.xib in Resources */,
				76B732F020A9AD67004A7D73 /* CurrentForecastViewController.xib in Resources */,
				76B732D320A98DD2004A7D73 /* MainTabBarViewController.xib in Resources */,
				76B732C620A98D16004A7D73 /* LaunchScreen.storyboard in Resources */,
				76B732C320A98D16004A7D73 /* Assets.xcassets in Resources */,
				765CA63620AF168C003D293B /* FavoritePlacesCollectionViewCell.xib in Resources */,
				76B732F620AAB238004A7D73 /* FavoritePlacesViewController.xib in Resources */,
			);
			runOnlyForDeploymentPostprocessing = 0;
		};
/* End PBXResourcesBuildPhase section */

/* Begin PBXShellScriptBuildPhase section */
		A2EC651414B9F568ACD0234D /* [CP] Embed Pods Frameworks */ = {
			isa = PBXShellScriptBuildPhase;
			buildActionMask = 2147483647;
			files = (
			);
			inputPaths = (
				"${SRCROOT}/Pods/Target Support Files/Pods-WeatherApp/Pods-WeatherApp-frameworks.sh",
				"${BUILT_PRODUCTS_DIR}/Alamofire/Alamofire.framework",
			);
			name = "[CP] Embed Pods Frameworks";
			outputPaths = (
				"${TARGET_BUILD_DIR}/${FRAMEWORKS_FOLDER_PATH}/Alamofire.framework",
			);
			runOnlyForDeploymentPostprocessing = 0;
			shellPath = /bin/sh;
			shellScript = "\"${SRCROOT}/Pods/Target Support Files/Pods-WeatherApp/Pods-WeatherApp-frameworks.sh\"\n";
			showEnvVarsInLog = 0;
		};
		CED5FF7E0FCB469A9A67882E /* [CP] Check Pods Manifest.lock */ = {
			isa = PBXShellScriptBuildPhase;
			buildActionMask = 2147483647;
			files = (
			);
			inputPaths = (
				"${PODS_PODFILE_DIR_PATH}/Podfile.lock",
				"${PODS_ROOT}/Manifest.lock",
			);
			name = "[CP] Check Pods Manifest.lock";
			outputPaths = (
				"$(DERIVED_FILE_DIR)/Pods-WeatherApp-checkManifestLockResult.txt",
			);
			runOnlyForDeploymentPostprocessing = 0;
			shellPath = /bin/sh;
			shellScript = "diff \"${PODS_PODFILE_DIR_PATH}/Podfile.lock\" \"${PODS_ROOT}/Manifest.lock\" > /dev/null\nif [ $? != 0 ] ; then\n    # print error to STDERR\n    echo \"error: The sandbox is not in sync with the Podfile.lock. Run 'pod install' or update your CocoaPods installation.\" >&2\n    exit 1\nfi\n# This output is used by Xcode 'outputs' to avoid re-running this script phase.\necho \"SUCCESS\" > \"${SCRIPT_OUTPUT_FILE_0}\"\n";
			showEnvVarsInLog = 0;
		};
/* End PBXShellScriptBuildPhase section */

/* Begin PBXSourcesBuildPhase section */
		76B732B120A98D16004A7D73 /* Sources */ = {
			isa = PBXSourcesBuildPhase;
			buildActionMask = 2147483647;
			files = (
				765CA62C20AEF227003D293B /* UITableView+Dequeue.swift in Sources */,
				765CA62320AEEF11003D293B /* UITableView+Extensions.swift in Sources */,
				768ADE6920B4412B00F63095 /* CurrentWeatherModel.swift in Sources */,
				76B732F520AAB238004A7D73 /* FavoritePlacesViewController.swift in Sources */,
				76B732E420A99139004A7D73 /* HourlyForecastView.swift in Sources */,
				768ADE7320B6BF4100F63095 /* AlamofireRequest.swift in Sources */,
				76B732EC20A9AD56004A7D73 /* CurrentForecastView.swift in Sources */,
				768ADE7520B6C40E00F63095 /* WeatherProvider.swift in Sources */,
				76B732D220A98DD2004A7D73 /* MainTabBarViewController.swift in Sources */,
				76B732EF20A9AD67004A7D73 /* CurrentForecastViewController.swift in Sources */,
				76B732F820AAB252004A7D73 /* FavoritePlacesView.swift in Sources */,
				765CA63520AF168C003D293B /* FavoritePlacesCollectionViewCell.swift in Sources */,
				76B732C120A98D16004A7D73 /* WeatherApp.xcdatamodeld in Sources */,
				765CA63820AF1B55003D293B /* UICollectionView+Extensions.swift in Sources */,
				76B732E920A9991B004A7D73 /* CommonConstants.swift in Sources */,
				76B732E120A99123004A7D73 /* HourlyForecastViewController.swift in Sources */,
				76D5513020B307090096C2AC /* ObservableObject.swift in Sources */,
				76B732B920A98D16004A7D73 /* AppDelegate.swift in Sources */,
				76B732D520A98DE5004A7D73 /* MainTabBarView.swift in Sources */,
				768ADE6D20B56DF200F63095 /* HourlyForecastModel.swift in Sources */,
				765DFD3320B80E29009A1625 /* LocationManager.swift in Sources */,
				76D5512C20B2C3FA0096C2AC /* UICollectionView+Dequeue.swift in Sources */,
				765CA62520AEEF44003D293B /* FoundationKitFunctions.swift in Sources */,
				765CA63020AF0236003D293B /* HourlyForecastTableViewCell.swift in Sources */,
			);
			runOnlyForDeploymentPostprocessing = 0;
		};
/* End PBXSourcesBuildPhase section */

/* Begin PBXVariantGroup section */
		76B732C420A98D16004A7D73 /* LaunchScreen.storyboard */ = {
			isa = PBXVariantGroup;
			children = (
				76B732C520A98D16004A7D73 /* Base */,
			);
			name = LaunchScreen.storyboard;
			sourceTree = "<group>";
		};
/* End PBXVariantGroup section */

/* Begin XCBuildConfiguration section */
		76B732C820A98D16004A7D73 /* Debug */ = {
			isa = XCBuildConfiguration;
			buildSettings = {
				ALWAYS_SEARCH_USER_PATHS = NO;
				CLANG_ANALYZER_NONNULL = YES;
				CLANG_ANALYZER_NUMBER_OBJECT_CONVERSION = YES_AGGRESSIVE;
				CLANG_CXX_LANGUAGE_STANDARD = "gnu++14";
				CLANG_CXX_LIBRARY = "libc++";
				CLANG_ENABLE_MODULES = YES;
				CLANG_ENABLE_OBJC_ARC = YES;
				CLANG_WARN_BLOCK_CAPTURE_AUTORELEASING = YES;
				CLANG_WARN_BOOL_CONVERSION = YES;
				CLANG_WARN_COMMA = YES;
				CLANG_WARN_CONSTANT_CONVERSION = YES;
				CLANG_WARN_DIRECT_OBJC_ISA_USAGE = YES_ERROR;
				CLANG_WARN_DOCUMENTATION_COMMENTS = YES;
				CLANG_WARN_EMPTY_BODY = YES;
				CLANG_WARN_ENUM_CONVERSION = YES;
				CLANG_WARN_INFINITE_RECURSION = YES;
				CLANG_WARN_INT_CONVERSION = YES;
				CLANG_WARN_NON_LITERAL_NULL_CONVERSION = YES;
				CLANG_WARN_OBJC_LITERAL_CONVERSION = YES;
				CLANG_WARN_OBJC_ROOT_CLASS = YES_ERROR;
				CLANG_WARN_RANGE_LOOP_ANALYSIS = YES;
				CLANG_WARN_STRICT_PROTOTYPES = YES;
				CLANG_WARN_SUSPICIOUS_MOVE = YES;
				CLANG_WARN_UNGUARDED_AVAILABILITY = YES_AGGRESSIVE;
				CLANG_WARN_UNREACHABLE_CODE = YES;
				CLANG_WARN__DUPLICATE_METHOD_MATCH = YES;
				CODE_SIGN_IDENTITY = "iPhone Developer";
				COPY_PHASE_STRIP = NO;
				DEBUG_INFORMATION_FORMAT = dwarf;
				ENABLE_STRICT_OBJC_MSGSEND = YES;
				ENABLE_TESTABILITY = YES;
				GCC_C_LANGUAGE_STANDARD = gnu11;
				GCC_DYNAMIC_NO_PIC = NO;
				GCC_NO_COMMON_BLOCKS = YES;
				GCC_OPTIMIZATION_LEVEL = 0;
				GCC_PREPROCESSOR_DEFINITIONS = (
					"DEBUG=1",
					"$(inherited)",
				);
				GCC_WARN_64_TO_32_BIT_CONVERSION = YES;
				GCC_WARN_ABOUT_RETURN_TYPE = YES_ERROR;
				GCC_WARN_UNDECLARED_SELECTOR = YES;
				GCC_WARN_UNINITIALIZED_AUTOS = YES_AGGRESSIVE;
				GCC_WARN_UNUSED_FUNCTION = YES;
				GCC_WARN_UNUSED_VARIABLE = YES;
				IPHONEOS_DEPLOYMENT_TARGET = 11.2;
				MTL_ENABLE_DEBUG_INFO = YES;
				ONLY_ACTIVE_ARCH = YES;
				SDKROOT = iphoneos;
				SWIFT_ACTIVE_COMPILATION_CONDITIONS = DEBUG;
				SWIFT_OPTIMIZATION_LEVEL = "-Onone";
			};
			name = Debug;
		};
		76B732C920A98D16004A7D73 /* Release */ = {
			isa = XCBuildConfiguration;
			buildSettings = {
				ALWAYS_SEARCH_USER_PATHS = NO;
				CLANG_ANALYZER_NONNULL = YES;
				CLANG_ANALYZER_NUMBER_OBJECT_CONVERSION = YES_AGGRESSIVE;
				CLANG_CXX_LANGUAGE_STANDARD = "gnu++14";
				CLANG_CXX_LIBRARY = "libc++";
				CLANG_ENABLE_MODULES = YES;
				CLANG_ENABLE_OBJC_ARC = YES;
				CLANG_WARN_BLOCK_CAPTURE_AUTORELEASING = YES;
				CLANG_WARN_BOOL_CONVERSION = YES;
				CLANG_WARN_COMMA = YES;
				CLANG_WARN_CONSTANT_CONVERSION = YES;
				CLANG_WARN_DIRECT_OBJC_ISA_USAGE = YES_ERROR;
				CLANG_WARN_DOCUMENTATION_COMMENTS = YES;
				CLANG_WARN_EMPTY_BODY = YES;
				CLANG_WARN_ENUM_CONVERSION = YES;
				CLANG_WARN_INFINITE_RECURSION = YES;
				CLANG_WARN_INT_CONVERSION = YES;
				CLANG_WARN_NON_LITERAL_NULL_CONVERSION = YES;
				CLANG_WARN_OBJC_LITERAL_CONVERSION = YES;
				CLANG_WARN_OBJC_ROOT_CLASS = YES_ERROR;
				CLANG_WARN_RANGE_LOOP_ANALYSIS = YES;
				CLANG_WARN_STRICT_PROTOTYPES = YES;
				CLANG_WARN_SUSPICIOUS_MOVE = YES;
				CLANG_WARN_UNGUARDED_AVAILABILITY = YES_AGGRESSIVE;
				CLANG_WARN_UNREACHABLE_CODE = YES;
				CLANG_WARN__DUPLICATE_METHOD_MATCH = YES;
				CODE_SIGN_IDENTITY = "iPhone Developer";
				COPY_PHASE_STRIP = NO;
				DEBUG_INFORMATION_FORMAT = "dwarf-with-dsym";
				ENABLE_NS_ASSERTIONS = NO;
				ENABLE_STRICT_OBJC_MSGSEND = YES;
				GCC_C_LANGUAGE_STANDARD = gnu11;
				GCC_NO_COMMON_BLOCKS = YES;
				GCC_WARN_64_TO_32_BIT_CONVERSION = YES;
				GCC_WARN_ABOUT_RETURN_TYPE = YES_ERROR;
				GCC_WARN_UNDECLARED_SELECTOR = YES;
				GCC_WARN_UNINITIALIZED_AUTOS = YES_AGGRESSIVE;
				GCC_WARN_UNUSED_FUNCTION = YES;
				GCC_WARN_UNUSED_VARIABLE = YES;
				IPHONEOS_DEPLOYMENT_TARGET = 11.2;
				MTL_ENABLE_DEBUG_INFO = NO;
				SDKROOT = iphoneos;
				SWIFT_OPTIMIZATION_LEVEL = "-Owholemodule";
				VALIDATE_PRODUCT = YES;
			};
			name = Release;
		};
		76B732CB20A98D16004A7D73 /* Debug */ = {
			isa = XCBuildConfiguration;
			baseConfigurationReference = B6C5D2AEF05DE66520A4DE56 /* Pods-WeatherApp.debug.xcconfig */;
			buildSettings = {
				ASSETCATALOG_COMPILER_APPICON_NAME = AppIcon;
				CODE_SIGN_STYLE = Automatic;
				DEVELOPMENT_TEAM = K33J7AD8C7;
				INFOPLIST_FILE = WeatherApp/Info.plist;
				LD_RUNPATH_SEARCH_PATHS = "$(inherited) @executable_path/Frameworks";
				PRODUCT_BUNDLE_IDENTIFIER = "Mykola-Savoniuk.WeatherApp";
				PRODUCT_NAME = "$(TARGET_NAME)";
				SWIFT_VERSION = 4.0;
				TARGETED_DEVICE_FAMILY = "1,2";
			};
			name = Debug;
		};
		76B732CC20A98D16004A7D73 /* Release */ = {
			isa = XCBuildConfiguration;
			baseConfigurationReference = AC0FE8F58678D9417C900810 /* Pods-WeatherApp.release.xcconfig */;
			buildSettings = {
				ASSETCATALOG_COMPILER_APPICON_NAME = AppIcon;
				CODE_SIGN_STYLE = Automatic;
				DEVELOPMENT_TEAM = K33J7AD8C7;
				INFOPLIST_FILE = WeatherApp/Info.plist;
				LD_RUNPATH_SEARCH_PATHS = "$(inherited) @executable_path/Frameworks";
				PRODUCT_BUNDLE_IDENTIFIER = "Mykola-Savoniuk.WeatherApp";
				PRODUCT_NAME = "$(TARGET_NAME)";
				SWIFT_VERSION = 4.0;
				TARGETED_DEVICE_FAMILY = "1,2";
			};
			name = Release;
		};
/* End XCBuildConfiguration section */

/* Begin XCConfigurationList section */
		76B732B020A98D16004A7D73 /* Build configuration list for PBXProject "WeatherApp" */ = {
			isa = XCConfigurationList;
			buildConfigurations = (
				76B732C820A98D16004A7D73 /* Debug */,
				76B732C920A98D16004A7D73 /* Release */,
			);
			defaultConfigurationIsVisible = 0;
			defaultConfigurationName = Release;
		};
		76B732CA20A98D16004A7D73 /* Build configuration list for PBXNativeTarget "WeatherApp" */ = {
			isa = XCConfigurationList;
			buildConfigurations = (
				76B732CB20A98D16004A7D73 /* Debug */,
				76B732CC20A98D16004A7D73 /* Release */,
			);
			defaultConfigurationIsVisible = 0;
			defaultConfigurationName = Release;
		};
/* End XCConfigurationList section */

/* Begin XCVersionGroup section */
		76B732BF20A98D16004A7D73 /* WeatherApp.xcdatamodeld */ = {
			isa = XCVersionGroup;
			children = (
				76B732C020A98D16004A7D73 /* WeatherApp.xcdatamodel */,
			);
			currentVersion = 76B732C020A98D16004A7D73 /* WeatherApp.xcdatamodel */;
			path = WeatherApp.xcdatamodeld;
			sourceTree = "<group>";
			versionGroupType = wrapper.xcdatamodel;
		};
/* End XCVersionGroup section */
	};
	rootObject = 76B732AD20A98D16004A7D73 /* Project object */;
}
